
Microsoft Visual Studio Solution File, Format Version 12.00
# Visual Studio Version 16
VisualStudioVersion = 16.0.29230.47
MinimumVisualStudioVersion = 10.0.40219.1
Project("{9A19103F-16F7-4668-BE54-9A1E7A4F7556}") = "WordsToLowerUpperCase", "WordsToLowerUpperCase\WordsToLowerUpperCase.csproj", "{715D6A53-FC42-49BF-868F-8EF8527AF2B1}"
EndProject
Project("{9A19103F-16F7-4668-BE54-9A1E7A4F7556}") = "WordsToLowerUpperTests", "WordsToLowerUpperTests\WordsToLowerUpperTests.csproj", "{372FFF42-E48F-48EA-BA65-2F8731B61CE1}"
EndProject
Project("{2150E333-8FDC-42A3-9474-1A3956D46DE8}") = "1. WordsToLowerUpperCase", "1. WordsToLowerUpperCase", "{50AF55EA-9FA8-48C3-9EFD-CCBD745F9326}"
EndProject
Global
	GlobalSection(SolutionConfigurationPlatforms) = preSolution
		Debug|Any CPU = Debug|Any CPU
		Release|Any CPU = Release|Any CPU
	EndGlobalSection
	GlobalSection(ProjectConfigurationPlatforms) = postSolution
		{715D6A53-FC42-49BF-868F-8EF8527AF2B1}.Debug|Any CPU.ActiveCfg = Debug|Any CPU
		{715D6A53-FC42-49BF-868F-8EF8527AF2B1}.Debug|Any CPU.Build.0 = Debug|Any CPU
		{715D6A53-FC42-49BF-868F-8EF8527AF2B1}.Release|Any CPU.ActiveCfg = Release|Any CPU
		{715D6A53-FC42-49BF-868F-8EF8527AF2B1}.Release|Any CPU.Build.0 = Release|Any CPU
		{372FFF42-E48F-48EA-BA65-2F8731B61CE1}.Debug|Any CPU.ActiveCfg = Debug|Any CPU
		{372FFF42-E48F-48EA-BA65-2F8731B61CE1}.Debug|Any CPU.Build.0 = Debug|Any CPU
		{372FFF42-E48F-48EA-BA65-2F8731B61CE1}.Release|Any CPU.ActiveCfg = Release|Any CPU
		{372FFF42-E48F-48EA-BA65-2F8731B61CE1}.Release|Any CPU.Build.0 = Release|Any CPU
	EndGlobalSection
	GlobalSection(SolutionProperties) = preSolution
		HideSolutionNode = FALSE
	EndGlobalSection
	GlobalSection(NestedProjects) = preSolution
		{715D6A53-FC42-49BF-868F-8EF8527AF2B1} = {50AF55EA-9FA8-48C3-9EFD-CCBD745F9326}
		{372FFF42-E48F-48EA-BA65-2F8731B61CE1} = {50AF55EA-9FA8-48C3-9EFD-CCBD745F9326}
	EndGlobalSection
	GlobalSection(ExtensibilityGlobals) = postSolution
		SolutionGuid = {5A066DEA-21B6-4D51-954E-EF199D80F58A}
	EndGlobalSection
EndGlobal
